// !$*UTF8*$!
{
	archiveVersion = 1;
	classes = {
	};
	objectVersion = 50;
	objects = {

/* Begin PBXBuildFile section */
		490B94D9218F3A9100E03FD4 /* AppearanceConfigurator.swift in Sources */ = {isa = PBXBuildFile; fileRef = 490B94D8218F3A9100E03FD4 /* AppearanceConfigurator.swift */; };
		490B94DB218F3A9900E03FD4 /* AppearanceConfiguratorImpl.swift in Sources */ = {isa = PBXBuildFile; fileRef = 490B94DA218F3A9900E03FD4 /* AppearanceConfiguratorImpl.swift */; };
		490B94DE218F3AFD00E03FD4 /* AppDelegateAssembly.swift in Sources */ = {isa = PBXBuildFile; fileRef = 490B94DD218F3AFD00E03FD4 /* AppDelegateAssembly.swift */; };
		490B94E4218F3D4B00E03FD4 /* BaseButton.swift in Sources */ = {isa = PBXBuildFile; fileRef = 490B94E3218F3D4B00E03FD4 /* BaseButton.swift */; };
		4911226C218EAC04003683FD /* FilterViewOutput.swift in Sources */ = {isa = PBXBuildFile; fileRef = 4911226B218EAC04003683FD /* FilterViewOutput.swift */; };
		4911226E218EAC62003683FD /* FilterViewInput.swift in Sources */ = {isa = PBXBuildFile; fileRef = 4911226D218EAC62003683FD /* FilterViewInput.swift */; };
		49112272218EAFAF003683FD /* Localizable.strings in Resources */ = {isa = PBXBuildFile; fileRef = 49112274218EAFAF003683FD /* Localizable.strings */; };
		4911227B218EB738003683FD /* FilterCollectionViewCell.swift in Sources */ = {isa = PBXBuildFile; fileRef = 49112279218EB738003683FD /* FilterCollectionViewCell.swift */; };
		4911227C218EB738003683FD /* FilterCollectionViewCell.xib in Resources */ = {isa = PBXBuildFile; fileRef = 4911227A218EB738003683FD /* FilterCollectionViewCell.xib */; };
		4911227E218EB75C003683FD /* FilterCollectionViewCellObject.swift in Sources */ = {isa = PBXBuildFile; fileRef = 4911227D218EB75C003683FD /* FilterCollectionViewCellObject.swift */; };
		49112282218EB78A003683FD /* FilterBuilder.swift in Sources */ = {isa = PBXBuildFile; fileRef = 49112281218EB78A003683FD /* FilterBuilder.swift */; };
		49112284218EB792003683FD /* FilterBuilderImpl.swift in Sources */ = {isa = PBXBuildFile; fileRef = 49112283218EB792003683FD /* FilterBuilderImpl.swift */; };
		49112288218EBB10003683FD /* FilterObjectFactoryImpl.swift in Sources */ = {isa = PBXBuildFile; fileRef = 49112286218EBB10003683FD /* FilterObjectFactoryImpl.swift */; };
		49112289218EBB10003683FD /* FilterObjectFactory.swift in Sources */ = {isa = PBXBuildFile; fileRef = 49112287218EBB10003683FD /* FilterObjectFactory.swift */; };
		49155D82218DF2E2005AA431 /* AppDelegate.swift in Sources */ = {isa = PBXBuildFile; fileRef = 49155D81218DF2E2005AA431 /* AppDelegate.swift */; };
		49155D84218DF2E2005AA431 /* MainViewController.swift in Sources */ = {isa = PBXBuildFile; fileRef = 49155D83218DF2E2005AA431 /* MainViewController.swift */; };
		49155D87218DF2E2005AA431 /* Main.storyboard in Resources */ = {isa = PBXBuildFile; fileRef = 49155D85218DF2E2005AA431 /* Main.storyboard */; };
		49155D89218DF2E4005AA431 /* Assets.xcassets in Resources */ = {isa = PBXBuildFile; fileRef = 49155D88218DF2E4005AA431 /* Assets.xcassets */; };
		49155D8C218DF2E4005AA431 /* LaunchScreen.storyboard in Resources */ = {isa = PBXBuildFile; fileRef = 49155D8A218DF2E4005AA431 /* LaunchScreen.storyboard */; };
		49155D97218DF2E5005AA431 /* PhotoFilterTests.swift in Sources */ = {isa = PBXBuildFile; fileRef = 49155D96218DF2E5005AA431 /* PhotoFilterTests.swift */; };
		49155DA4218DF3BF005AA431 /* MainAssembly.swift in Sources */ = {isa = PBXBuildFile; fileRef = 49155DA3218DF3BF005AA431 /* MainAssembly.swift */; };
		49155DA6218DF3E6005AA431 /* MainViewModel.swift in Sources */ = {isa = PBXBuildFile; fileRef = 49155DA5218DF3E6005AA431 /* MainViewModel.swift */; };
		49155DA8218DF3F4005AA431 /* MainViewOutput.swift in Sources */ = {isa = PBXBuildFile; fileRef = 49155DA7218DF3F4005AA431 /* MainViewOutput.swift */; };
		49155DAA218DF40A005AA431 /* MainRouter.swift in Sources */ = {isa = PBXBuildFile; fileRef = 49155DA9218DF40A005AA431 /* MainRouter.swift */; };
		49155DAC218DF479005AA431 /* MainViewInput.swift in Sources */ = {isa = PBXBuildFile; fileRef = 49155DAB218DF479005AA431 /* MainViewInput.swift */; };
		49155DB1218DF53C005AA431 /* Main+SwinjectStoryboard.swift in Sources */ = {isa = PBXBuildFile; fileRef = 49155DB0218DF53C005AA431 /* Main+SwinjectStoryboard.swift */; };
		49155DB4218DF6D5005AA431 /* HelperAssembly.swift in Sources */ = {isa = PBXBuildFile; fileRef = 49155DB3218DF6D5005AA431 /* HelperAssembly.swift */; };
		49155DB7218DF6E7005AA431 /* ImagePickerHelper.swift in Sources */ = {isa = PBXBuildFile; fileRef = 49155DB6218DF6E7005AA431 /* ImagePickerHelper.swift */; };
		49155DB9218DF6F5005AA431 /* ImagePickerHelperImpl.swift in Sources */ = {isa = PBXBuildFile; fileRef = 49155DB8218DF6F5005AA431 /* ImagePickerHelperImpl.swift */; };
		49155DBC218DFEC5005AA431 /* FilterAssembly.swift in Sources */ = {isa = PBXBuildFile; fileRef = 49155DBB218DFEC5005AA431 /* FilterAssembly.swift */; };
		49155DBF218DFF24005AA431 /* FilterViewController.swift in Sources */ = {isa = PBXBuildFile; fileRef = 49155DBE218DFF24005AA431 /* FilterViewController.swift */; };
		49155DC2218DFF41005AA431 /* FilterViewModel.swift in Sources */ = {isa = PBXBuildFile; fileRef = 49155DC1218DFF41005AA431 /* FilterViewModel.swift */; };
		49155DC5218E0033005AA431 /* Filter.storyboard in Resources */ = {isa = PBXBuildFile; fileRef = 49155DC4218E0033005AA431 /* Filter.storyboard */; };
		49C82714218EC83E008B1172 /* SharingHelper.swift in Sources */ = {isa = PBXBuildFile; fileRef = 49C82713218EC83E008B1172 /* SharingHelper.swift */; };
		49C82716218EC848008B1172 /* SharingHelperImpl.swift in Sources */ = {isa = PBXBuildFile; fileRef = 49C82715218EC848008B1172 /* SharingHelperImpl.swift */; };
		49C8271A218EDB20008B1172 /* UIImage+Normalize.swift in Sources */ = {isa = PBXBuildFile; fileRef = 49C82719218EDB20008B1172 /* UIImage+Normalize.swift */; };
		702D4EF73C6EFDFB9E05F5B5 /* Pods_PhotoFilter.framework in Frameworks */ = {isa = PBXBuildFile; fileRef = 99B778689EAFC2666E3F19F5 /* Pods_PhotoFilter.framework */; };
		7FD9094C877BCEA00CAA3A18 /* Pods_PhotoFilterTests.framework in Frameworks */ = {isa = PBXBuildFile; fileRef = E44D532908F0FD83F4A2C77A /* Pods_PhotoFilterTests.framework */; };
/* End PBXBuildFile section */

/* Begin PBXContainerItemProxy section */
		49155D93218DF2E5005AA431 /* PBXContainerItemProxy */ = {
			isa = PBXContainerItemProxy;
			containerPortal = 49155D76218DF2E2005AA431 /* Project object */;
			proxyType = 1;
			remoteGlobalIDString = 49155D7D218DF2E2005AA431;
			remoteInfo = PhotoFilter;
		};
/* End PBXContainerItemProxy section */

/* Begin PBXFileReference section */
		185E81F2778D73F67F0170C1 /* Pods-PhotoFilterTests.debug.xcconfig */ = {isa = PBXFileReference; includeInIndex = 1; lastKnownFileType = text.xcconfig; name = "Pods-PhotoFilterTests.debug.xcconfig"; path = "Pods/Target Support Files/Pods-PhotoFilterTests/Pods-PhotoFilterTests.debug.xcconfig"; sourceTree = "<group>"; };
		490B94D8218F3A9100E03FD4 /* AppearanceConfigurator.swift */ = {isa = PBXFileReference; lastKnownFileType = sourcecode.swift; path = AppearanceConfigurator.swift; sourceTree = "<group>"; };
		490B94DA218F3A9900E03FD4 /* AppearanceConfiguratorImpl.swift */ = {isa = PBXFileReference; lastKnownFileType = sourcecode.swift; path = AppearanceConfiguratorImpl.swift; sourceTree = "<group>"; };
		490B94DD218F3AFD00E03FD4 /* AppDelegateAssembly.swift */ = {isa = PBXFileReference; lastKnownFileType = sourcecode.swift; path = AppDelegateAssembly.swift; sourceTree = "<group>"; };
		490B94E3218F3D4B00E03FD4 /* BaseButton.swift */ = {isa = PBXFileReference; lastKnownFileType = sourcecode.swift; path = BaseButton.swift; sourceTree = "<group>"; };
		4911226B218EAC04003683FD /* FilterViewOutput.swift */ = {isa = PBXFileReference; lastKnownFileType = sourcecode.swift; path = FilterViewOutput.swift; sourceTree = "<group>"; };
		4911226D218EAC62003683FD /* FilterViewInput.swift */ = {isa = PBXFileReference; lastKnownFileType = sourcecode.swift; path = FilterViewInput.swift; sourceTree = "<group>"; };
		49112273218EAFAF003683FD /* en */ = {isa = PBXFileReference; lastKnownFileType = text.plist.strings; name = en; path = en.lproj/Localizable.strings; sourceTree = "<group>"; };
		49112275218EAFC3003683FD /* ru */ = {isa = PBXFileReference; lastKnownFileType = text.plist.strings; name = ru; path = ru.lproj/LaunchScreen.strings; sourceTree = "<group>"; };
		49112276218EAFC9003683FD /* ru */ = {isa = PBXFileReference; lastKnownFileType = text.plist.strings; name = ru; path = ru.lproj/Localizable.strings; sourceTree = "<group>"; };
		49112279218EB738003683FD /* FilterCollectionViewCell.swift */ = {isa = PBXFileReference; lastKnownFileType = sourcecode.swift; path = FilterCollectionViewCell.swift; sourceTree = "<group>"; };
		4911227A218EB738003683FD /* FilterCollectionViewCell.xib */ = {isa = PBXFileReference; lastKnownFileType = file.xib; path = FilterCollectionViewCell.xib; sourceTree = "<group>"; };
		4911227D218EB75C003683FD /* FilterCollectionViewCellObject.swift */ = {isa = PBXFileReference; lastKnownFileType = sourcecode.swift; path = FilterCollectionViewCellObject.swift; sourceTree = "<group>"; };
		49112281218EB78A003683FD /* FilterBuilder.swift */ = {isa = PBXFileReference; lastKnownFileType = sourcecode.swift; path = FilterBuilder.swift; sourceTree = "<group>"; };
		49112283218EB792003683FD /* FilterBuilderImpl.swift */ = {isa = PBXFileReference; lastKnownFileType = sourcecode.swift; path = FilterBuilderImpl.swift; sourceTree = "<group>"; };
		49112286218EBB10003683FD /* FilterObjectFactoryImpl.swift */ = {isa = PBXFileReference; fileEncoding = 4; lastKnownFileType = sourcecode.swift; path = FilterObjectFactoryImpl.swift; sourceTree = "<group>"; };
		49112287218EBB10003683FD /* FilterObjectFactory.swift */ = {isa = PBXFileReference; fileEncoding = 4; lastKnownFileType = sourcecode.swift; path = FilterObjectFactory.swift; sourceTree = "<group>"; };
		49155D7E218DF2E2005AA431 /* PhotoFilter.app */ = {isa = PBXFileReference; explicitFileType = wrapper.application; includeInIndex = 0; path = PhotoFilter.app; sourceTree = BUILT_PRODUCTS_DIR; };
		49155D81218DF2E2005AA431 /* AppDelegate.swift */ = {isa = PBXFileReference; lastKnownFileType = sourcecode.swift; path = AppDelegate.swift; sourceTree = "<group>"; };
		49155D83218DF2E2005AA431 /* MainViewController.swift */ = {isa = PBXFileReference; lastKnownFileType = sourcecode.swift; path = MainViewController.swift; sourceTree = "<group>"; };
		49155D86218DF2E2005AA431 /* Base */ = {isa = PBXFileReference; lastKnownFileType = file.storyboard; name = Base; path = Base.lproj/Main.storyboard; sourceTree = "<group>"; };
		49155D88218DF2E4005AA431 /* Assets.xcassets */ = {isa = PBXFileReference; lastKnownFileType = folder.assetcatalog; path = Assets.xcassets; sourceTree = "<group>"; };
		49155D8B218DF2E4005AA431 /* Base */ = {isa = PBXFileReference; lastKnownFileType = file.storyboard; name = Base; path = Base.lproj/LaunchScreen.storyboard; sourceTree = "<group>"; };
		49155D8D218DF2E4005AA431 /* Info.plist */ = {isa = PBXFileReference; lastKnownFileType = text.plist.xml; path = Info.plist; sourceTree = "<group>"; };
		49155D92218DF2E4005AA431 /* PhotoFilterTests.xctest */ = {isa = PBXFileReference; explicitFileType = wrapper.cfbundle; includeInIndex = 0; path = PhotoFilterTests.xctest; sourceTree = BUILT_PRODUCTS_DIR; };
		49155D96218DF2E5005AA431 /* PhotoFilterTests.swift */ = {isa = PBXFileReference; lastKnownFileType = sourcecode.swift; path = PhotoFilterTests.swift; sourceTree = "<group>"; };
		49155D98218DF2E5005AA431 /* Info.plist */ = {isa = PBXFileReference; lastKnownFileType = text.plist.xml; path = Info.plist; sourceTree = "<group>"; };
		49155DA3218DF3BF005AA431 /* MainAssembly.swift */ = {isa = PBXFileReference; lastKnownFileType = sourcecode.swift; path = MainAssembly.swift; sourceTree = "<group>"; };
		49155DA5218DF3E6005AA431 /* MainViewModel.swift */ = {isa = PBXFileReference; lastKnownFileType = sourcecode.swift; path = MainViewModel.swift; sourceTree = "<group>"; };
		49155DA7218DF3F4005AA431 /* MainViewOutput.swift */ = {isa = PBXFileReference; lastKnownFileType = sourcecode.swift; path = MainViewOutput.swift; sourceTree = "<group>"; };
		49155DA9218DF40A005AA431 /* MainRouter.swift */ = {isa = PBXFileReference; lastKnownFileType = sourcecode.swift; path = MainRouter.swift; sourceTree = "<group>"; };
		49155DAB218DF479005AA431 /* MainViewInput.swift */ = {isa = PBXFileReference; lastKnownFileType = sourcecode.swift; path = MainViewInput.swift; sourceTree = "<group>"; };
		49155DB0218DF53C005AA431 /* Main+SwinjectStoryboard.swift */ = {isa = PBXFileReference; lastKnownFileType = sourcecode.swift; path = "Main+SwinjectStoryboard.swift"; sourceTree = "<group>"; };
		49155DB3218DF6D5005AA431 /* HelperAssembly.swift */ = {isa = PBXFileReference; lastKnownFileType = sourcecode.swift; path = HelperAssembly.swift; sourceTree = "<group>"; };
		49155DB6218DF6E7005AA431 /* ImagePickerHelper.swift */ = {isa = PBXFileReference; lastKnownFileType = sourcecode.swift; path = ImagePickerHelper.swift; sourceTree = "<group>"; };
		49155DB8218DF6F5005AA431 /* ImagePickerHelperImpl.swift */ = {isa = PBXFileReference; lastKnownFileType = sourcecode.swift; path = ImagePickerHelperImpl.swift; sourceTree = "<group>"; };
		49155DBB218DFEC5005AA431 /* FilterAssembly.swift */ = {isa = PBXFileReference; lastKnownFileType = sourcecode.swift; path = FilterAssembly.swift; sourceTree = "<group>"; };
		49155DBE218DFF24005AA431 /* FilterViewController.swift */ = {isa = PBXFileReference; lastKnownFileType = sourcecode.swift; path = FilterViewController.swift; sourceTree = "<group>"; };
		49155DC1218DFF41005AA431 /* FilterViewModel.swift */ = {isa = PBXFileReference; lastKnownFileType = sourcecode.swift; path = FilterViewModel.swift; sourceTree = "<group>"; };
		49155DC4218E0033005AA431 /* Filter.storyboard */ = {isa = PBXFileReference; lastKnownFileType = file.storyboard; path = Filter.storyboard; sourceTree = "<group>"; };
		49C82713218EC83E008B1172 /* SharingHelper.swift */ = {isa = PBXFileReference; lastKnownFileType = sourcecode.swift; path = SharingHelper.swift; sourceTree = "<group>"; };
		49C82715218EC848008B1172 /* SharingHelperImpl.swift */ = {isa = PBXFileReference; lastKnownFileType = sourcecode.swift; path = SharingHelperImpl.swift; sourceTree = "<group>"; };
		49C82719218EDB20008B1172 /* UIImage+Normalize.swift */ = {isa = PBXFileReference; lastKnownFileType = sourcecode.swift; path = "UIImage+Normalize.swift"; sourceTree = "<group>"; };
		7BA813422184E04A8AA31239 /* Pods-PhotoFilterTests.release.xcconfig */ = {isa = PBXFileReference; includeInIndex = 1; lastKnownFileType = text.xcconfig; name = "Pods-PhotoFilterTests.release.xcconfig"; path = "Pods/Target Support Files/Pods-PhotoFilterTests/Pods-PhotoFilterTests.release.xcconfig"; sourceTree = "<group>"; };
		99B778689EAFC2666E3F19F5 /* Pods_PhotoFilter.framework */ = {isa = PBXFileReference; explicitFileType = wrapper.framework; includeInIndex = 0; path = Pods_PhotoFilter.framework; sourceTree = BUILT_PRODUCTS_DIR; };
		A24AC92F66622FA862888455 /* Pods-PhotoFilter.release.xcconfig */ = {isa = PBXFileReference; includeInIndex = 1; lastKnownFileType = text.xcconfig; name = "Pods-PhotoFilter.release.xcconfig"; path = "Pods/Target Support Files/Pods-PhotoFilter/Pods-PhotoFilter.release.xcconfig"; sourceTree = "<group>"; };
		D7E5C68A04A72C4BEC67D10C /* Pods-PhotoFilter.debug.xcconfig */ = {isa = PBXFileReference; includeInIndex = 1; lastKnownFileType = text.xcconfig; name = "Pods-PhotoFilter.debug.xcconfig"; path = "Pods/Target Support Files/Pods-PhotoFilter/Pods-PhotoFilter.debug.xcconfig"; sourceTree = "<group>"; };
		E44D532908F0FD83F4A2C77A /* Pods_PhotoFilterTests.framework */ = {isa = PBXFileReference; explicitFileType = wrapper.framework; includeInIndex = 0; path = Pods_PhotoFilterTests.framework; sourceTree = BUILT_PRODUCTS_DIR; };
/* End PBXFileReference section */

/* Begin PBXFrameworksBuildPhase section */
		49155D7B218DF2E2005AA431 /* Frameworks */ = {
			isa = PBXFrameworksBuildPhase;
			buildActionMask = 2147483647;
			files = (
				702D4EF73C6EFDFB9E05F5B5 /* Pods_PhotoFilter.framework in Frameworks */,
			);
			runOnlyForDeploymentPostprocessing = 0;
		};
		49155D8F218DF2E4005AA431 /* Frameworks */ = {
			isa = PBXFrameworksBuildPhase;
			buildActionMask = 2147483647;
			files = (
				7FD9094C877BCEA00CAA3A18 /* Pods_PhotoFilterTests.framework in Frameworks */,
			);
			runOnlyForDeploymentPostprocessing = 0;
		};
/* End PBXFrameworksBuildPhase section */

/* Begin PBXGroup section */
		0DFEAF416EAC48B96B4927DE /* Pods */ = {
			isa = PBXGroup;
			children = (
				D7E5C68A04A72C4BEC67D10C /* Pods-PhotoFilter.debug.xcconfig */,
				A24AC92F66622FA862888455 /* Pods-PhotoFilter.release.xcconfig */,
				185E81F2778D73F67F0170C1 /* Pods-PhotoFilterTests.debug.xcconfig */,
				7BA813422184E04A8AA31239 /* Pods-PhotoFilterTests.release.xcconfig */,
			);
			name = Pods;
			sourceTree = "<group>";
		};
		490B94D7218F3A8500E03FD4 /* AppearanceConfigurator */ = {
			isa = PBXGroup;
			children = (
				490B94D8218F3A9100E03FD4 /* AppearanceConfigurator.swift */,
				490B94DA218F3A9900E03FD4 /* AppearanceConfiguratorImpl.swift */,
			);
			path = AppearanceConfigurator;
			sourceTree = "<group>";
		};
		490B94DC218F3AF500E03FD4 /* AppDelegate */ = {
			isa = PBXGroup;
			children = (
				49155D81218DF2E2005AA431 /* AppDelegate.swift */,
				490B94DD218F3AFD00E03FD4 /* AppDelegateAssembly.swift */,
			);
			path = AppDelegate;
			sourceTree = "<group>";
		};
		490B94E2218F3D4200E03FD4 /* Base */ = {
			isa = PBXGroup;
			children = (
				490B94E3218F3D4B00E03FD4 /* BaseButton.swift */,
			);
			path = Base;
			sourceTree = "<group>";
		};
		4911226F218EAF49003683FD /* Supporting Files */ = {
			isa = PBXGroup;
			children = (
				49112274218EAFAF003683FD /* Localizable.strings */,
			);
			path = "Supporting Files";
			sourceTree = "<group>";
		};
		49112277218EB669003683FD /* UI */ = {
			isa = PBXGroup;
			children = (
				49155DBA218DFEA6005AA431 /* Filter */,
				49155DA1218DF318005AA431 /* Main */,
			);
			path = UI;
			sourceTree = "<group>";
		};
		49112278218EB711003683FD /* Cell */ = {
			isa = PBXGroup;
			children = (
				49112279218EB738003683FD /* FilterCollectionViewCell.swift */,
				4911227A218EB738003683FD /* FilterCollectionViewCell.xib */,
				4911227D218EB75C003683FD /* FilterCollectionViewCellObject.swift */,
			);
			path = Cell;
			sourceTree = "<group>";
		};
		49112280218EB77E003683FD /* FilterBuilder */ = {
			isa = PBXGroup;
			children = (
				49112281218EB78A003683FD /* FilterBuilder.swift */,
				49112283218EB792003683FD /* FilterBuilderImpl.swift */,
			);
			path = FilterBuilder;
			sourceTree = "<group>";
		};
		49112285218EBB10003683FD /* Factory */ = {
			isa = PBXGroup;
			children = (
				49112287218EBB10003683FD /* FilterObjectFactory.swift */,
				49112286218EBB10003683FD /* FilterObjectFactoryImpl.swift */,
			);
			path = Factory;
			sourceTree = "<group>";
		};
		4911228A218EBD41003683FD /* ImagePicker */ = {
			isa = PBXGroup;
			children = (
				49155DB6218DF6E7005AA431 /* ImagePickerHelper.swift */,
				49155DB8218DF6F5005AA431 /* ImagePickerHelperImpl.swift */,
			);
			path = ImagePicker;
			sourceTree = "<group>";
		};
		49155D75218DF2E2005AA431 = {
			isa = PBXGroup;
			children = (
				49155D80218DF2E2005AA431 /* PhotoFilter */,
				49155D95218DF2E5005AA431 /* PhotoFilterTests */,
				49155D7F218DF2E2005AA431 /* Products */,
				0DFEAF416EAC48B96B4927DE /* Pods */,
				584EDC50C490C5C3F155606F /* Frameworks */,
			);
			sourceTree = "<group>";
		};
		49155D7F218DF2E2005AA431 /* Products */ = {
			isa = PBXGroup;
			children = (
				49155D7E218DF2E2005AA431 /* PhotoFilter.app */,
				49155D92218DF2E4005AA431 /* PhotoFilterTests.xctest */,
			);
			name = Products;
			sourceTree = "<group>";
		};
		49155D80218DF2E2005AA431 /* PhotoFilter */ = {
			isa = PBXGroup;
			children = (
				490B94E2218F3D4200E03FD4 /* Base */,
				490B94DC218F3AF500E03FD4 /* AppDelegate */,
				49155DB2218DF6C7005AA431 /* Assembly */,
				49155D88218DF2E4005AA431 /* Assets.xcassets */,
				49C82718218EDB0D008B1172 /* Ext */,
				49155DB5218DF6DA005AA431 /* Helpers */,
				49155D8D218DF2E4005AA431 /* Info.plist */,
				49155D8A218DF2E4005AA431 /* LaunchScreen.storyboard */,
				4911226F218EAF49003683FD /* Supporting Files */,
				49112277218EB669003683FD /* UI */,
			);
			path = PhotoFilter;
			sourceTree = "<group>";
		};
		49155D95218DF2E5005AA431 /* PhotoFilterTests */ = {
			isa = PBXGroup;
			children = (
				49155D96218DF2E5005AA431 /* PhotoFilterTests.swift */,
				49155D98218DF2E5005AA431 /* Info.plist */,
			);
			path = PhotoFilterTests;
			sourceTree = "<group>";
		};
		49155DA1218DF318005AA431 /* Main */ = {
			isa = PBXGroup;
			children = (
				49155DAD218DF485005AA431 /* Assembly */,
				49155DAE218DF496005AA431 /* ViewController */,
				49155DAF218DF4A0005AA431 /* ViewModel */,
			);
			path = Main;
			sourceTree = "<group>";
		};
		49155DAD218DF485005AA431 /* Assembly */ = {
			isa = PBXGroup;
			children = (
				49155DA3218DF3BF005AA431 /* MainAssembly.swift */,
				49155DB0218DF53C005AA431 /* Main+SwinjectStoryboard.swift */,
			);
			path = Assembly;
			sourceTree = "<group>";
		};
		49155DAE218DF496005AA431 /* ViewController */ = {
			isa = PBXGroup;
			children = (
				49155D85218DF2E2005AA431 /* Main.storyboard */,
				49155D83218DF2E2005AA431 /* MainViewController.swift */,
				49155DA7218DF3F4005AA431 /* MainViewOutput.swift */,
				49155DAB218DF479005AA431 /* MainViewInput.swift */,
			);
			path = ViewController;
			sourceTree = "<group>";
		};
		49155DAF218DF4A0005AA431 /* ViewModel */ = {
			isa = PBXGroup;
			children = (
				49155DA5218DF3E6005AA431 /* MainViewModel.swift */,
				49155DA9218DF40A005AA431 /* MainRouter.swift */,
			);
			path = ViewModel;
			sourceTree = "<group>";
		};
		49155DB2218DF6C7005AA431 /* Assembly */ = {
			isa = PBXGroup;
			children = (
				49155DB3218DF6D5005AA431 /* HelperAssembly.swift */,
			);
			path = Assembly;
			sourceTree = "<group>";
		};
		49155DB5218DF6DA005AA431 /* Helpers */ = {
			isa = PBXGroup;
			children = (
				490B94D7218F3A8500E03FD4 /* AppearanceConfigurator */,
				49112280218EB77E003683FD /* FilterBuilder */,
				4911228A218EBD41003683FD /* ImagePicker */,
				49C82717218EC84D008B1172 /* Sharing */,
			);
			path = Helpers;
			sourceTree = "<group>";
		};
		49155DBA218DFEA6005AA431 /* Filter */ = {
			isa = PBXGroup;
			children = (
				49155DBD218DFEE7005AA431 /* Assembly */,
				49112285218EBB10003683FD /* Factory */,
				49155DC0218DFF2C005AA431 /* ViewController */,
				49155DC3218DFF45005AA431 /* ViewModel */,
			);
			path = Filter;
			sourceTree = "<group>";
		};
		49155DBD218DFEE7005AA431 /* Assembly */ = {
			isa = PBXGroup;
			children = (
				49155DBB218DFEC5005AA431 /* FilterAssembly.swift */,
			);
			path = Assembly;
			sourceTree = "<group>";
		};
		49155DC0218DFF2C005AA431 /* ViewController */ = {
			isa = PBXGroup;
			children = (
				49112278218EB711003683FD /* Cell */,
				49155DC4218E0033005AA431 /* Filter.storyboard */,
				49155DBE218DFF24005AA431 /* FilterViewController.swift */,
				4911226D218EAC62003683FD /* FilterViewInput.swift */,
				4911226B218EAC04003683FD /* FilterViewOutput.swift */,
			);
			path = ViewController;
			sourceTree = "<group>";
		};
		49155DC3218DFF45005AA431 /* ViewModel */ = {
			isa = PBXGroup;
			children = (
				49155DC1218DFF41005AA431 /* FilterViewModel.swift */,
			);
			path = ViewModel;
			sourceTree = "<group>";
		};
		49C82717218EC84D008B1172 /* Sharing */ = {
			isa = PBXGroup;
			children = (
				49C82713218EC83E008B1172 /* SharingHelper.swift */,
				49C82715218EC848008B1172 /* SharingHelperImpl.swift */,
			);
			path = Sharing;
			sourceTree = "<group>";
		};
		49C82718218EDB0D008B1172 /* Ext */ = {
			isa = PBXGroup;
			children = (
				49C82719218EDB20008B1172 /* UIImage+Normalize.swift */,
			);
			path = Ext;
			sourceTree = "<group>";
		};
		584EDC50C490C5C3F155606F /* Frameworks */ = {
			isa = PBXGroup;
			children = (
				99B778689EAFC2666E3F19F5 /* Pods_PhotoFilter.framework */,
				E44D532908F0FD83F4A2C77A /* Pods_PhotoFilterTests.framework */,
			);
			name = Frameworks;
			sourceTree = "<group>";
		};
/* End PBXGroup section */

/* Begin PBXNativeTarget section */
		49155D7D218DF2E2005AA431 /* PhotoFilter */ = {
			isa = PBXNativeTarget;
			buildConfigurationList = 49155D9B218DF2E5005AA431 /* Build configuration list for PBXNativeTarget "PhotoFilter" */;
			buildPhases = (
				B7CC94FA6EED318EE5AC29B5 /* [CP] Check Pods Manifest.lock */,
				49155D7A218DF2E2005AA431 /* Sources */,
				49155D7B218DF2E2005AA431 /* Frameworks */,
				49155D7C218DF2E2005AA431 /* Resources */,
				87CDCFD7C7AEEB2CA072595A /* [CP] Embed Pods Frameworks */,
			);
			buildRules = (
			);
			dependencies = (
			);
			name = PhotoFilter;
			productName = PhotoFilter;
			productReference = 49155D7E218DF2E2005AA431 /* PhotoFilter.app */;
			productType = "com.apple.product-type.application";
		};
		49155D91218DF2E4005AA431 /* PhotoFilterTests */ = {
			isa = PBXNativeTarget;
			buildConfigurationList = 49155D9E218DF2E5005AA431 /* Build configuration list for PBXNativeTarget "PhotoFilterTests" */;
			buildPhases = (
				AD0A8CB15CFB5886467581AA /* [CP] Check Pods Manifest.lock */,
				49155D8E218DF2E4005AA431 /* Sources */,
				49155D8F218DF2E4005AA431 /* Frameworks */,
				49155D90218DF2E4005AA431 /* Resources */,
			);
			buildRules = (
			);
			dependencies = (
				49155D94218DF2E5005AA431 /* PBXTargetDependency */,
			);
			name = PhotoFilterTests;
			productName = PhotoFilterTests;
			productReference = 49155D92218DF2E4005AA431 /* PhotoFilterTests.xctest */;
			productType = "com.apple.product-type.bundle.unit-test";
		};
/* End PBXNativeTarget section */

/* Begin PBXProject section */
		49155D76218DF2E2005AA431 /* Project object */ = {
			isa = PBXProject;
			attributes = {
				LastSwiftUpdateCheck = 1000;
				LastUpgradeCheck = 1000;
				ORGANIZATIONNAME = "Татьяна";
				TargetAttributes = {
					49155D7D218DF2E2005AA431 = {
						CreatedOnToolsVersion = 10.0;
					};
					49155D91218DF2E4005AA431 = {
						CreatedOnToolsVersion = 10.0;
						TestTargetID = 49155D7D218DF2E2005AA431;
					};
				};
			};
			buildConfigurationList = 49155D79218DF2E2005AA431 /* Build configuration list for PBXProject "PhotoFilter" */;
			compatibilityVersion = "Xcode 9.3";
			developmentRegion = en;
			hasScannedForEncodings = 0;
			knownRegions = (
				en,
				Base,
				ru,
			);
			mainGroup = 49155D75218DF2E2005AA431;
			productRefGroup = 49155D7F218DF2E2005AA431 /* Products */;
			projectDirPath = "";
			projectRoot = "";
			targets = (
				49155D7D218DF2E2005AA431 /* PhotoFilter */,
				49155D91218DF2E4005AA431 /* PhotoFilterTests */,
			);
		};
/* End PBXProject section */

/* Begin PBXResourcesBuildPhase section */
		49155D7C218DF2E2005AA431 /* Resources */ = {
			isa = PBXResourcesBuildPhase;
			buildActionMask = 2147483647;
			files = (
				49112272218EAFAF003683FD /* Localizable.strings in Resources */,
				49155D8C218DF2E4005AA431 /* LaunchScreen.storyboard in Resources */,
				49155D89218DF2E4005AA431 /* Assets.xcassets in Resources */,
				49155DC5218E0033005AA431 /* Filter.storyboard in Resources */,
				4911227C218EB738003683FD /* FilterCollectionViewCell.xib in Resources */,
				49155D87218DF2E2005AA431 /* Main.storyboard in Resources */,
			);
			runOnlyForDeploymentPostprocessing = 0;
		};
		49155D90218DF2E4005AA431 /* Resources */ = {
			isa = PBXResourcesBuildPhase;
			buildActionMask = 2147483647;
			files = (
			);
			runOnlyForDeploymentPostprocessing = 0;
		};
/* End PBXResourcesBuildPhase section */

/* Begin PBXShellScriptBuildPhase section */
		87CDCFD7C7AEEB2CA072595A /* [CP] Embed Pods Frameworks */ = {
			isa = PBXShellScriptBuildPhase;
			buildActionMask = 2147483647;
			files = (
			);
			inputFileListPaths = (
			);
			inputPaths = (
				"${SRCROOT}/Pods/Target Support Files/Pods-PhotoFilter/Pods-PhotoFilter-frameworks.sh",
				"${BUILT_PRODUCTS_DIR}/Swinject/Swinject.framework",
				"${BUILT_PRODUCTS_DIR}/SwinjectStoryboard/SwinjectStoryboard.framework",
				"${BUILT_PRODUCTS_DIR}/UPCarouselFlowLayout/UPCarouselFlowLayout.framework",
			);
			name = "[CP] Embed Pods Frameworks";
			outputFileListPaths = (
			);
			outputPaths = (
				"${TARGET_BUILD_DIR}/${FRAMEWORKS_FOLDER_PATH}/Swinject.framework",
				"${TARGET_BUILD_DIR}/${FRAMEWORKS_FOLDER_PATH}/SwinjectStoryboard.framework",
				"${TARGET_BUILD_DIR}/${FRAMEWORKS_FOLDER_PATH}/UPCarouselFlowLayout.framework",
			);
			runOnlyForDeploymentPostprocessing = 0;
			shellPath = /bin/sh;
			shellScript = "\"${SRCROOT}/Pods/Target Support Files/Pods-PhotoFilter/Pods-PhotoFilter-frameworks.sh\"\n";
			showEnvVarsInLog = 0;
		};
		AD0A8CB15CFB5886467581AA /* [CP] Check Pods Manifest.lock */ = {
			isa = PBXShellScriptBuildPhase;
			buildActionMask = 2147483647;
			files = (
			);
			inputFileListPaths = (
			);
			inputPaths = (
				"${PODS_PODFILE_DIR_PATH}/Podfile.lock",
				"${PODS_ROOT}/Manifest.lock",
			);
			name = "[CP] Check Pods Manifest.lock";
			outputFileListPaths = (
			);
			outputPaths = (
				"$(DERIVED_FILE_DIR)/Pods-PhotoFilterTests-checkManifestLockResult.txt",
			);
			runOnlyForDeploymentPostprocessing = 0;
			shellPath = /bin/sh;
			shellScript = "diff \"${PODS_PODFILE_DIR_PATH}/Podfile.lock\" \"${PODS_ROOT}/Manifest.lock\" > /dev/null\nif [ $? != 0 ] ; then\n    # print error to STDERR\n    echo \"error: The sandbox is not in sync with the Podfile.lock. Run 'pod install' or update your CocoaPods installation.\" >&2\n    exit 1\nfi\n# This output is used by Xcode 'outputs' to avoid re-running this script phase.\necho \"SUCCESS\" > \"${SCRIPT_OUTPUT_FILE_0}\"\n";
			showEnvVarsInLog = 0;
		};
		B7CC94FA6EED318EE5AC29B5 /* [CP] Check Pods Manifest.lock */ = {
			isa = PBXShellScriptBuildPhase;
			buildActionMask = 2147483647;
			files = (
			);
			inputFileListPaths = (
			);
			inputPaths = (
				"${PODS_PODFILE_DIR_PATH}/Podfile.lock",
				"${PODS_ROOT}/Manifest.lock",
			);
			name = "[CP] Check Pods Manifest.lock";
			outputFileListPaths = (
			);
			outputPaths = (
				"$(DERIVED_FILE_DIR)/Pods-PhotoFilter-checkManifestLockResult.txt",
			);
			runOnlyForDeploymentPostprocessing = 0;
			shellPath = /bin/sh;
			shellScript = "diff \"${PODS_PODFILE_DIR_PATH}/Podfile.lock\" \"${PODS_ROOT}/Manifest.lock\" > /dev/null\nif [ $? != 0 ] ; then\n    # print error to STDERR\n    echo \"error: The sandbox is not in sync with the Podfile.lock. Run 'pod install' or update your CocoaPods installation.\" >&2\n    exit 1\nfi\n# This output is used by Xcode 'outputs' to avoid re-running this script phase.\necho \"SUCCESS\" > \"${SCRIPT_OUTPUT_FILE_0}\"\n";
			showEnvVarsInLog = 0;
		};
/* End PBXShellScriptBuildPhase section */

/* Begin PBXSourcesBuildPhase section */
		49155D7A218DF2E2005AA431 /* Sources */ = {
			isa = PBXSourcesBuildPhase;
			buildActionMask = 2147483647;
			files = (
				49C82716218EC848008B1172 /* SharingHelperImpl.swift in Sources */,
				49C8271A218EDB20008B1172 /* UIImage+Normalize.swift in Sources */,
				49155DC2218DFF41005AA431 /* FilterViewModel.swift in Sources */,
				4911226E218EAC62003683FD /* FilterViewInput.swift in Sources */,
				49155DB1218DF53C005AA431 /* Main+SwinjectStoryboard.swift in Sources */,
				4911227E218EB75C003683FD /* FilterCollectionViewCellObject.swift in Sources */,
				49155DB9218DF6F5005AA431 /* ImagePickerHelperImpl.swift in Sources */,
				49155D84218DF2E2005AA431 /* MainViewController.swift in Sources */,
				49155DB4218DF6D5005AA431 /* HelperAssembly.swift in Sources */,
				49C82714218EC83E008B1172 /* SharingHelper.swift in Sources */,
				490B94DB218F3A9900E03FD4 /* AppearanceConfiguratorImpl.swift in Sources */,
				490B94D9218F3A9100E03FD4 /* AppearanceConfigurator.swift in Sources */,
				49155DB7218DF6E7005AA431 /* ImagePickerHelper.swift in Sources */,
				49155DAC218DF479005AA431 /* MainViewInput.swift in Sources */,
				49155DA8218DF3F4005AA431 /* MainViewOutput.swift in Sources */,
				4911227B218EB738003683FD /* FilterCollectionViewCell.swift in Sources */,
				490B94DE218F3AFD00E03FD4 /* AppDelegateAssembly.swift in Sources */,
				49112288218EBB10003683FD /* FilterObjectFactoryImpl.swift in Sources */,
				49112289218EBB10003683FD /* FilterObjectFactory.swift in Sources */,
				490B94E4218F3D4B00E03FD4 /* BaseButton.swift in Sources */,
				49155DBF218DFF24005AA431 /* FilterViewController.swift in Sources */,
				49112282218EB78A003683FD /* FilterBuilder.swift in Sources */,
				49155DA4218DF3BF005AA431 /* MainAssembly.swift in Sources */,
				49155D82218DF2E2005AA431 /* AppDelegate.swift in Sources */,
				49155DBC218DFEC5005AA431 /* FilterAssembly.swift in Sources */,
				49155DA6218DF3E6005AA431 /* MainViewModel.swift in Sources */,
				4911226C218EAC04003683FD /* FilterViewOutput.swift in Sources */,
				49112284218EB792003683FD /* FilterBuilderImpl.swift in Sources */,
				49155DAA218DF40A005AA431 /* MainRouter.swift in Sources */,
			);
			runOnlyForDeploymentPostprocessing = 0;
		};
		49155D8E218DF2E4005AA431 /* Sources */ = {
			isa = PBXSourcesBuildPhase;
			buildActionMask = 2147483647;
			files = (
				49155D97218DF2E5005AA431 /* PhotoFilterTests.swift in Sources */,
			);
			runOnlyForDeploymentPostprocessing = 0;
		};
/* End PBXSourcesBuildPhase section */

/* Begin PBXTargetDependency section */
		49155D94218DF2E5005AA431 /* PBXTargetDependency */ = {
			isa = PBXTargetDependency;
			target = 49155D7D218DF2E2005AA431 /* PhotoFilter */;
			targetProxy = 49155D93218DF2E5005AA431 /* PBXContainerItemProxy */;
		};
/* End PBXTargetDependency section */

/* Begin PBXVariantGroup section */
		49112274218EAFAF003683FD /* Localizable.strings */ = {
			isa = PBXVariantGroup;
			children = (
				49112273218EAFAF003683FD /* en */,
				49112276218EAFC9003683FD /* ru */,
			);
			name = Localizable.strings;
			sourceTree = "<group>";
		};
		49155D85218DF2E2005AA431 /* Main.storyboard */ = {
			isa = PBXVariantGroup;
			children = (
				49155D86218DF2E2005AA431 /* Base */,
			);
			name = Main.storyboard;
			sourceTree = "<group>";
		};
		49155D8A218DF2E4005AA431 /* LaunchScreen.storyboard */ = {
			isa = PBXVariantGroup;
			children = (
				49155D8B218DF2E4005AA431 /* Base */,
				49112275218EAFC3003683FD /* ru */,
			);
			name = LaunchScreen.storyboard;
			sourceTree = "<group>";
		};
/* End PBXVariantGroup section */

/* Begin XCBuildConfiguration section */
		49155D99218DF2E5005AA431 /* Debug */ = {
			isa = XCBuildConfiguration;
			buildSettings = {
				ALWAYS_SEARCH_USER_PATHS = NO;
				CLANG_ANALYZER_LOCALIZABILITY_NONLOCALIZED = YES;
				CLANG_ANALYZER_NONNULL = YES;
				CLANG_ANALYZER_NUMBER_OBJECT_CONVERSION = YES_AGGRESSIVE;
				CLANG_CXX_LANGUAGE_STANDARD = "gnu++14";
				CLANG_CXX_LIBRARY = "libc++";
				CLANG_ENABLE_MODULES = YES;
				CLANG_ENABLE_OBJC_ARC = YES;
				CLANG_ENABLE_OBJC_WEAK = YES;
				CLANG_WARN_BLOCK_CAPTURE_AUTORELEASING = YES;
				CLANG_WARN_BOOL_CONVERSION = YES;
				CLANG_WARN_COMMA = YES;
				CLANG_WARN_CONSTANT_CONVERSION = YES;
				CLANG_WARN_DEPRECATED_OBJC_IMPLEMENTATIONS = YES;
				CLANG_WARN_DIRECT_OBJC_ISA_USAGE = YES_ERROR;
				CLANG_WARN_DOCUMENTATION_COMMENTS = YES;
				CLANG_WARN_EMPTY_BODY = YES;
				CLANG_WARN_ENUM_CONVERSION = YES;
				CLANG_WARN_INFINITE_RECURSION = YES;
				CLANG_WARN_INT_CONVERSION = YES;
				CLANG_WARN_NON_LITERAL_NULL_CONVERSION = YES;
				CLANG_WARN_OBJC_IMPLICIT_RETAIN_SELF = YES;
				CLANG_WARN_OBJC_LITERAL_CONVERSION = YES;
				CLANG_WARN_OBJC_ROOT_CLASS = YES_ERROR;
				CLANG_WARN_RANGE_LOOP_ANALYSIS = YES;
				CLANG_WARN_STRICT_PROTOTYPES = YES;
				CLANG_WARN_SUSPICIOUS_MOVE = YES;
				CLANG_WARN_UNGUARDED_AVAILABILITY = YES_AGGRESSIVE;
				CLANG_WARN_UNREACHABLE_CODE = YES;
				CLANG_WARN__DUPLICATE_METHOD_MATCH = YES;
				CODE_SIGN_IDENTITY = "iPhone Developer";
				COPY_PHASE_STRIP = NO;
				DEBUG_INFORMATION_FORMAT = dwarf;
				ENABLE_STRICT_OBJC_MSGSEND = YES;
				ENABLE_TESTABILITY = YES;
				GCC_C_LANGUAGE_STANDARD = gnu11;
				GCC_DYNAMIC_NO_PIC = NO;
				GCC_NO_COMMON_BLOCKS = YES;
				GCC_OPTIMIZATION_LEVEL = 0;
				GCC_PREPROCESSOR_DEFINITIONS = (
					"DEBUG=1",
					"$(inherited)",
				);
				GCC_WARN_64_TO_32_BIT_CONVERSION = YES;
				GCC_WARN_ABOUT_RETURN_TYPE = YES_ERROR;
				GCC_WARN_UNDECLARED_SELECTOR = YES;
				GCC_WARN_UNINITIALIZED_AUTOS = YES_AGGRESSIVE;
				GCC_WARN_UNUSED_FUNCTION = YES;
				GCC_WARN_UNUSED_VARIABLE = YES;
				IPHONEOS_DEPLOYMENT_TARGET = 12.0;
				MTL_ENABLE_DEBUG_INFO = INCLUDE_SOURCE;
				MTL_FAST_MATH = YES;
				ONLY_ACTIVE_ARCH = YES;
				SDKROOT = iphoneos;
				SWIFT_ACTIVE_COMPILATION_CONDITIONS = DEBUG;
				SWIFT_OPTIMIZATION_LEVEL = "-Onone";
			};
			name = Debug;
		};
		49155D9A218DF2E5005AA431 /* Release */ = {
			isa = XCBuildConfiguration;
			buildSettings = {
				ALWAYS_SEARCH_USER_PATHS = NO;
				CLANG_ANALYZER_LOCALIZABILITY_NONLOCALIZED = YES;
				CLANG_ANALYZER_NONNULL = YES;
				CLANG_ANALYZER_NUMBER_OBJECT_CONVERSION = YES_AGGRESSIVE;
				CLANG_CXX_LANGUAGE_STANDARD = "gnu++14";
				CLANG_CXX_LIBRARY = "libc++";
				CLANG_ENABLE_MODULES = YES;
				CLANG_ENABLE_OBJC_ARC = YES;
				CLANG_ENABLE_OBJC_WEAK = YES;
				CLANG_WARN_BLOCK_CAPTURE_AUTORELEASING = YES;
				CLANG_WARN_BOOL_CONVERSION = YES;
				CLANG_WARN_COMMA = YES;
				CLANG_WARN_CONSTANT_CONVERSION = YES;
				CLANG_WARN_DEPRECATED_OBJC_IMPLEMENTATIONS = YES;
				CLANG_WARN_DIRECT_OBJC_ISA_USAGE = YES_ERROR;
				CLANG_WARN_DOCUMENTATION_COMMENTS = YES;
				CLANG_WARN_EMPTY_BODY = YES;
				CLANG_WARN_ENUM_CONVERSION = YES;
				CLANG_WARN_INFINITE_RECURSION = YES;
				CLANG_WARN_INT_CONVERSION = YES;
				CLANG_WARN_NON_LITERAL_NULL_CONVERSION = YES;
				CLANG_WARN_OBJC_IMPLICIT_RETAIN_SELF = YES;
				CLANG_WARN_OBJC_LITERAL_CONVERSION = YES;
				CLANG_WARN_OBJC_ROOT_CLASS = YES_ERROR;
				CLANG_WARN_RANGE_LOOP_ANALYSIS = YES;
				CLANG_WARN_STRICT_PROTOTYPES = YES;
				CLANG_WARN_SUSPICIOUS_MOVE = YES;
				CLANG_WARN_UNGUARDED_AVAILABILITY = YES_AGGRESSIVE;
				CLANG_WARN_UNREACHABLE_CODE = YES;
				CLANG_WARN__DUPLICATE_METHOD_MATCH = YES;
				CODE_SIGN_IDENTITY = "iPhone Developer";
				COPY_PHASE_STRIP = NO;
				DEBUG_INFORMATION_FORMAT = "dwarf-with-dsym";
				ENABLE_NS_ASSERTIONS = NO;
				ENABLE_STRICT_OBJC_MSGSEND = YES;
				GCC_C_LANGUAGE_STANDARD = gnu11;
				GCC_NO_COMMON_BLOCKS = YES;
				GCC_WARN_64_TO_32_BIT_CONVERSION = YES;
				GCC_WARN_ABOUT_RETURN_TYPE = YES_ERROR;
				GCC_WARN_UNDECLARED_SELECTOR = YES;
				GCC_WARN_UNINITIALIZED_AUTOS = YES_AGGRESSIVE;
				GCC_WARN_UNUSED_FUNCTION = YES;
				GCC_WARN_UNUSED_VARIABLE = YES;
				IPHONEOS_DEPLOYMENT_TARGET = 12.0;
				MTL_ENABLE_DEBUG_INFO = NO;
				MTL_FAST_MATH = YES;
				SDKROOT = iphoneos;
				SWIFT_COMPILATION_MODE = wholemodule;
				SWIFT_OPTIMIZATION_LEVEL = "-O";
				VALIDATE_PRODUCT = YES;
			};
			name = Release;
		};
		49155D9C218DF2E5005AA431 /* Debug */ = {
			isa = XCBuildConfiguration;
			baseConfigurationReference = D7E5C68A04A72C4BEC67D10C /* Pods-PhotoFilter.debug.xcconfig */;
			buildSettings = {
				ASSETCATALOG_COMPILER_APPICON_NAME = AppIcon;
				CODE_SIGN_STYLE = Automatic;
				DEVELOPMENT_TEAM = 4AGU44C96R;
				INFOPLIST_FILE = PhotoFilter/Info.plist;
				LD_RUNPATH_SEARCH_PATHS = (
					"$(inherited)",
					"@executable_path/Frameworks",
				);
				PRODUCT_BUNDLE_IDENTIFIER = com.tyh94.PhotoFilter;
				PRODUCT_NAME = "$(TARGET_NAME)";
				SWIFT_VERSION = 4.2;
				TARGETED_DEVICE_FAMILY = "1,2";
			};
			name = Debug;
		};
		49155D9D218DF2E5005AA431 /* Release */ = {
			isa = XCBuildConfiguration;
			baseConfigurationReference = A24AC92F66622FA862888455 /* Pods-PhotoFilter.release.xcconfig */;
			buildSettings = {
				ASSETCATALOG_COMPILER_APPICON_NAME = AppIcon;
				CODE_SIGN_STYLE = Automatic;
				DEVELOPMENT_TEAM = 4AGU44C96R;
				INFOPLIST_FILE = PhotoFilter/Info.plist;
				LD_RUNPATH_SEARCH_PATHS = (
					"$(inherited)",
					"@executable_path/Frameworks",
				);
				PRODUCT_BUNDLE_IDENTIFIER = com.tyh94.PhotoFilter;
				PRODUCT_NAME = "$(TARGET_NAME)";
				SWIFT_VERSION = 4.2;
				TARGETED_DEVICE_FAMILY = "1,2";
			};
			name = Release;
		};
		49155D9F218DF2E5005AA431 /* Debug */ = {
			isa = XCBuildConfiguration;
			baseConfigurationReference = 185E81F2778D73F67F0170C1 /* Pods-PhotoFilterTests.debug.xcconfig */;
			buildSettings = {
				ALWAYS_EMBED_SWIFT_STANDARD_LIBRARIES = YES;
				BUNDLE_LOADER = "$(TEST_HOST)";
				CODE_SIGN_STYLE = Automatic;
				DEVELOPMENT_TEAM = 4AGU44C96R;
				INFOPLIST_FILE = PhotoFilterTests/Info.plist;
				LD_RUNPATH_SEARCH_PATHS = (
					"$(inherited)",
					"@executable_path/Frameworks",
					"@loader_path/Frameworks",
				);
				PRODUCT_BUNDLE_IDENTIFIER = com.tyh94.PhotoFilterTests;
				PRODUCT_NAME = "$(TARGET_NAME)";
				SWIFT_VERSION = 4.2;
				TARGETED_DEVICE_FAMILY = "1,2";
				TEST_HOST = "$(BUILT_PRODUCTS_DIR)/PhotoFilter.app/PhotoFilter";
			};
			name = Debug;
		};
		49155DA0218DF2E5005AA431 /* Release */ = {
			isa = XCBuildConfiguration;
			baseConfigurationReference = 7BA813422184E04A8AA31239 /* Pods-PhotoFilterTests.release.xcconfig */;
			buildSettings = {
				ALWAYS_EMBED_SWIFT_STANDARD_LIBRARIES = YES;
				BUNDLE_LOADER = "$(TEST_HOST)";
				CODE_SIGN_STYLE = Automatic;
				DEVELOPMENT_TEAM = 4AGU44C96R;
				INFOPLIST_FILE = PhotoFilterTests/Info.plist;
				LD_RUNPATH_SEARCH_PATHS = (
					"$(inherited)",
					"@executable_path/Frameworks",
					"@loader_path/Frameworks",
				);
				PRODUCT_BUNDLE_IDENTIFIER = com.tyh94.PhotoFilterTests;
				PRODUCT_NAME = "$(TARGET_NAME)";
				SWIFT_VERSION = 4.2;
				TARGETED_DEVICE_FAMILY = "1,2";
				TEST_HOST = "$(BUILT_PRODUCTS_DIR)/PhotoFilter.app/PhotoFilter";
			};
			name = Release;
		};
/* End XCBuildConfiguration section */

/* Begin XCConfigurationList section */
		49155D79218DF2E2005AA431 /* Build configuration list for PBXProject "PhotoFilter" */ = {
			isa = XCConfigurationList;
			buildConfigurations = (
				49155D99218DF2E5005AA431 /* Debug */,
				49155D9A218DF2E5005AA431 /* Release */,
			);
			defaultConfigurationIsVisible = 0;
			defaultConfigurationName = Release;
		};
		49155D9B218DF2E5005AA431 /* Build configuration list for PBXNativeTarget "PhotoFilter" */ = {
			isa = XCConfigurationList;
			buildConfigurations = (
				49155D9C218DF2E5005AA431 /* Debug */,
				49155D9D218DF2E5005AA431 /* Release */,
			);
			defaultConfigurationIsVisible = 0;
			defaultConfigurationName = Release;
		};
		49155D9E218DF2E5005AA431 /* Build configuration list for PBXNativeTarget "PhotoFilterTests" */ = {
			isa = XCConfigurationList;
			buildConfigurations = (
				49155D9F218DF2E5005AA431 /* Debug */,
				49155DA0218DF2E5005AA431 /* Release */,
			);
			defaultConfigurationIsVisible = 0;
			defaultConfigurationName = Release;
		};
/* End XCConfigurationList section */
	};
	rootObject = 49155D76218DF2E2005AA431 /* Project object */;
}
