PODS:
  - Swinject (2.5.0)
  - SwinjectStoryboard (2.1.0):
    - Swinject (~> 2.5)
  - UPCarouselFlowLayout (1.1.2)

DEPENDENCIES:
  - Swinject
  - SwinjectStoryboard
  - UPCarouselFlowLayout

SPEC REPOS:
  https://github.com/cocoapods/specs.git:
    - Swinject
    - SwinjectStoryboard
    - UPCarouselFlowLayout

SPEC CHECKSUMS:
  Swinject: 82cdb851f63f91bba974e3eca1d69780f2f7677e
  SwinjectStoryboard: 688f096033103e66ffcf6ca678211acd7d7be505
  UPCarouselFlowLayout: 4c7d2c43a10ebb1597bde502a53699d378341dad

PODFILE CHECKSUM: 38e4b9f7b7c73ec139c11e20df4f1cc7cd823a6f

COCOAPODS: 1.5.3
